
Microsoft Visual Studio Solution File, Format Version 12.00
# Visual Studio Version 17
VisualStudioVersion = 17.8.34316.72
MinimumVisualStudioVersion = 10.0.40219.1
Project("{FAE04EC0-301F-11D3-BF4B-00C04F79EFBC}") = "Saitynai", "Saitynai\Saitynai.csproj", "{CB972994-8F5B-4469-B0A6-D9BDB129261E}"
EndProject
Global
	GlobalSection(SolutionConfigurationPlatforms) = preSolution
		Debug|Any CPU = Debug|Any CPU
		Release|Any CPU = Release|Any CPU
	EndGlobalSection
	GlobalSection(ProjectConfigurationPlatforms) = postSolution
		{CB972994-8F5B-4469-B0A6-D9BDB129261E}.Debug|Any CPU.ActiveCfg = Debug|Any CPU
		{CB972994-8F5B-4469-B0A6-D9BDB129261E}.Debug|Any CPU.Build.0 = Debug|Any CPU
		{CB972994-8F5B-4469-B0A6-D9BDB129261E}.Release|Any CPU.ActiveCfg = Release|Any CPU
		{CB972994-8F5B-4469-B0A6-D9BDB129261E}.Release|Any CPU.Build.0 = Release|Any CPU
	EndGlobalSection
	GlobalSection(SolutionProperties) = preSolution
		HideSolutionNode = FALSE
	EndGlobalSection
	GlobalSection(ExtensibilityGlobals) = postSolution
		SolutionGuid = {685ABF68-B0F3-43DD-A234-8621118C4FB9}
	EndGlobalSection
EndGlobal
